
Microsoft Visual Studio Solution File, Format Version 12.00
# Visual Studio Version 16
VisualStudioVersion = 16.0.33130.400
MinimumVisualStudioVersion = 10.0.40219.1
Project("{FAE04EC0-301F-11D3-BF4B-00C04F79EFBC}") = "IterationAssignment", "IterationAssignment\IterationAssignment.csproj", "{AD2E53E3-77F3-4189-8982-69AA27B0EADF}"
EndProject
Global
	GlobalSection(SolutionConfigurationPlatforms) = preSolution
		Debug|Any CPU = Debug|Any CPU
		Release|Any CPU = Release|Any CPU
	EndGlobalSection
	GlobalSection(ProjectConfigurationPlatforms) = postSolution
		{AD2E53E3-77F3-4189-8982-69AA27B0EADF}.Debug|Any CPU.ActiveCfg = Debug|Any CPU
		{AD2E53E3-77F3-4189-8982-69AA27B0EADF}.Debug|Any CPU.Build.0 = Debug|Any CPU
		{AD2E53E3-77F3-4189-8982-69AA27B0EADF}.Release|Any CPU.ActiveCfg = Release|Any CPU
		{AD2E53E3-77F3-4189-8982-69AA27B0EADF}.Release|Any CPU.Build.0 = Release|Any CPU
	EndGlobalSection
	GlobalSection(SolutionProperties) = preSolution
		HideSolutionNode = FALSE
	EndGlobalSection
	GlobalSection(ExtensibilityGlobals) = postSolution
		SolutionGuid = {8D61568B-49A6-43A3-BC58-2A6277406DCF}
	EndGlobalSection
EndGlobal
