
Microsoft Visual Studio Solution File, Format Version 12.00
# Visual Studio Version 16
VisualStudioVersion = 16.0.33130.400
MinimumVisualStudioVersion = 10.0.40219.1
Project("{FAE04EC0-301F-11D3-BF4B-00C04F79EFBC}") = "SimpleMath", "SimpleMath\SimpleMath.csproj", "{012360F6-C865-445D-959E-8E7586CFFD9F}"
EndProject
Global
	GlobalSection(SolutionConfigurationPlatforms) = preSolution
		Debug|Any CPU = Debug|Any CPU
		Release|Any CPU = Release|Any CPU
	EndGlobalSection
	GlobalSection(ProjectConfigurationPlatforms) = postSolution
		{012360F6-C865-445D-959E-8E7586CFFD9F}.Debug|Any CPU.ActiveCfg = Debug|Any CPU
		{012360F6-C865-445D-959E-8E7586CFFD9F}.Debug|Any CPU.Build.0 = Debug|Any CPU
		{012360F6-C865-445D-959E-8E7586CFFD9F}.Release|Any CPU.ActiveCfg = Release|Any CPU
		{012360F6-C865-445D-959E-8E7586CFFD9F}.Release|Any CPU.Build.0 = Release|Any CPU
	EndGlobalSection
	GlobalSection(SolutionProperties) = preSolution
		HideSolutionNode = FALSE
	EndGlobalSection
	GlobalSection(ExtensibilityGlobals) = postSolution
		SolutionGuid = {2D3431CC-ECB5-4A48-BF3E-A62D70B2CAEC}
	EndGlobalSection
EndGlobal
