
Microsoft Visual Studio Solution File, Format Version 12.00
# Visual Studio Version 16
VisualStudioVersion = 16.0.33130.400
MinimumVisualStudioVersion = 10.0.40219.1
Project("{FAE04EC0-301F-11D3-BF4B-00C04F79EFBC}") = "DateTimeAssignment", "DateTimeAssignment\DateTimeAssignment.csproj", "{51CA8357-077D-4C6E-9AC2-85DD4C531BF1}"
EndProject
Global
	GlobalSection(SolutionConfigurationPlatforms) = preSolution
		Debug|Any CPU = Debug|Any CPU
		Release|Any CPU = Release|Any CPU
	EndGlobalSection
	GlobalSection(ProjectConfigurationPlatforms) = postSolution
		{51CA8357-077D-4C6E-9AC2-85DD4C531BF1}.Debug|Any CPU.ActiveCfg = Debug|Any CPU
		{51CA8357-077D-4C6E-9AC2-85DD4C531BF1}.Debug|Any CPU.Build.0 = Debug|Any CPU
		{51CA8357-077D-4C6E-9AC2-85DD4C531BF1}.Release|Any CPU.ActiveCfg = Release|Any CPU
		{51CA8357-077D-4C6E-9AC2-85DD4C531BF1}.Release|Any CPU.Build.0 = Release|Any CPU
	EndGlobalSection
	GlobalSection(SolutionProperties) = preSolution
		HideSolutionNode = FALSE
	EndGlobalSection
	GlobalSection(ExtensibilityGlobals) = postSolution
		SolutionGuid = {11447F41-C4BB-4236-882A-2A8736AE5DDB}
	EndGlobalSection
EndGlobal
