
Microsoft Visual Studio Solution File, Format Version 12.00
# Visual Studio Version 16
VisualStudioVersion = 16.0.33130.400
MinimumVisualStudioVersion = 10.0.40219.1
Project("{FAE04EC0-301F-11D3-BF4B-00C04F79EFBC}") = "PolymorphismAssignment", "PolymorphismAssignment\PolymorphismAssignment.csproj", "{2C8FD411-F005-4FA1-833B-7810C8015479}"
EndProject
Global
	GlobalSection(SolutionConfigurationPlatforms) = preSolution
		Debug|Any CPU = Debug|Any CPU
		Release|Any CPU = Release|Any CPU
	EndGlobalSection
	GlobalSection(ProjectConfigurationPlatforms) = postSolution
		{2C8FD411-F005-4FA1-833B-7810C8015479}.Debug|Any CPU.ActiveCfg = Debug|Any CPU
		{2C8FD411-F005-4FA1-833B-7810C8015479}.Debug|Any CPU.Build.0 = Debug|Any CPU
		{2C8FD411-F005-4FA1-833B-7810C8015479}.Release|Any CPU.ActiveCfg = Release|Any CPU
		{2C8FD411-F005-4FA1-833B-7810C8015479}.Release|Any CPU.Build.0 = Release|Any CPU
	EndGlobalSection
	GlobalSection(SolutionProperties) = preSolution
		HideSolutionNode = FALSE
	EndGlobalSection
	GlobalSection(ExtensibilityGlobals) = postSolution
		SolutionGuid = {05020A7A-2896-4357-AC08-F4370F957956}
	EndGlobalSection
EndGlobal
