
Microsoft Visual Studio Solution File, Format Version 12.00
# Visual Studio Version 16
VisualStudioVersion = 16.0.33130.400
MinimumVisualStudioVersion = 10.0.40219.1
Project("{FAE04EC0-301F-11D3-BF4B-00C04F79EFBC}") = "PriceQuote", "PriceQuote\PriceQuote.csproj", "{7E113BBA-ACFE-42D3-BE17-648C4855CE15}"
EndProject
Global
	GlobalSection(SolutionConfigurationPlatforms) = preSolution
		Debug|Any CPU = Debug|Any CPU
		Release|Any CPU = Release|Any CPU
	EndGlobalSection
	GlobalSection(ProjectConfigurationPlatforms) = postSolution
		{7E113BBA-ACFE-42D3-BE17-648C4855CE15}.Debug|Any CPU.ActiveCfg = Debug|Any CPU
		{7E113BBA-ACFE-42D3-BE17-648C4855CE15}.Debug|Any CPU.Build.0 = Debug|Any CPU
		{7E113BBA-ACFE-42D3-BE17-648C4855CE15}.Release|Any CPU.ActiveCfg = Release|Any CPU
		{7E113BBA-ACFE-42D3-BE17-648C4855CE15}.Release|Any CPU.Build.0 = Release|Any CPU
	EndGlobalSection
	GlobalSection(SolutionProperties) = preSolution
		HideSolutionNode = FALSE
	EndGlobalSection
	GlobalSection(ExtensibilityGlobals) = postSolution
		SolutionGuid = {F089CF9B-B15F-4943-8297-750A5C798543}
	EndGlobalSection
EndGlobal
