
Microsoft Visual Studio Solution File, Format Version 12.00
# Visual Studio Version 16
VisualStudioVersion = 16.0.33130.400
MinimumVisualStudioVersion = 10.0.40219.1
Project("{FAE04EC0-301F-11D3-BF4B-00C04F79EFBC}") = "IterationExample", "IterationExample\IterationExample.csproj", "{EC36AE85-F186-4871-960D-093BC98F1FC9}"
EndProject
Global
	GlobalSection(SolutionConfigurationPlatforms) = preSolution
		Debug|Any CPU = Debug|Any CPU
		Release|Any CPU = Release|Any CPU
	EndGlobalSection
	GlobalSection(ProjectConfigurationPlatforms) = postSolution
		{EC36AE85-F186-4871-960D-093BC98F1FC9}.Debug|Any CPU.ActiveCfg = Debug|Any CPU
		{EC36AE85-F186-4871-960D-093BC98F1FC9}.Debug|Any CPU.Build.0 = Debug|Any CPU
		{EC36AE85-F186-4871-960D-093BC98F1FC9}.Release|Any CPU.ActiveCfg = Release|Any CPU
		{EC36AE85-F186-4871-960D-093BC98F1FC9}.Release|Any CPU.Build.0 = Release|Any CPU
	EndGlobalSection
	GlobalSection(SolutionProperties) = preSolution
		HideSolutionNode = FALSE
	EndGlobalSection
	GlobalSection(ExtensibilityGlobals) = postSolution
		SolutionGuid = {25D17D36-24E6-4164-985C-A96902B7D23F}
	EndGlobalSection
EndGlobal
