
Microsoft Visual Studio Solution File, Format Version 12.00
# Visual Studio Version 16
VisualStudioVersion = 16.0.33130.400
MinimumVisualStudioVersion = 10.0.40219.1
Project("{FAE04EC0-301F-11D3-BF4B-00C04F79EFBC}") = "WhileAssignment", "WhileAssignment\WhileAssignment.csproj", "{BDFE11C5-6274-4C5E-84F3-5E3689B25FAE}"
EndProject
Global
	GlobalSection(SolutionConfigurationPlatforms) = preSolution
		Debug|Any CPU = Debug|Any CPU
		Release|Any CPU = Release|Any CPU
	EndGlobalSection
	GlobalSection(ProjectConfigurationPlatforms) = postSolution
		{BDFE11C5-6274-4C5E-84F3-5E3689B25FAE}.Debug|Any CPU.ActiveCfg = Debug|Any CPU
		{BDFE11C5-6274-4C5E-84F3-5E3689B25FAE}.Debug|Any CPU.Build.0 = Debug|Any CPU
		{BDFE11C5-6274-4C5E-84F3-5E3689B25FAE}.Release|Any CPU.ActiveCfg = Release|Any CPU
		{BDFE11C5-6274-4C5E-84F3-5E3689B25FAE}.Release|Any CPU.Build.0 = Release|Any CPU
	EndGlobalSection
	GlobalSection(SolutionProperties) = preSolution
		HideSolutionNode = FALSE
	EndGlobalSection
	GlobalSection(ExtensibilityGlobals) = postSolution
		SolutionGuid = {E35AC656-8702-41A4-87D2-29582DB77E6D}
	EndGlobalSection
EndGlobal
